[[package]]
name = "argon2-cffi"
version = "21.1.0"
description = "The secure Argon2 password hashing algorithm."
category = "main"
optional = false
python-versions = ">=3.5"

[package.dependencies]
cffi = ">=1.0.0"

[package.extras]
dev = ["coverage[toml] (>=5.0.2)", "hypothesis", "pytest", "sphinx", "furo", "wheel", "pre-commit"]
docs = ["sphinx", "furo"]
tests = ["coverage[toml] (>=5.0.2)", "hypothesis", "pytest"]

[[package]]
name = "cffi"
version = "1.14.6"
description = "Foreign Function Interface for Python calling C code."
category = "main"
optional = false
python-versions = "*"

[package.dependencies]
pycparser = "*"

[[package]]
name = "greenlet"
version = "1.1.1"
description = "Lightweight in-process concurrent programming"
category = "main"
optional = false
python-versions = ">=2.7,!=3.0.*,!=3.1.*,!=3.2.*,!=3.3.*,!=3.4.*"

[package.extras]
docs = ["sphinx"]

[[package]]
name = "prompt-toolkit"
version = "3.0.20"
description = "Library for building powerful interactive command lines in Python"
category = "main"
optional = false
python-versions = ">=3.6.2"

[package.dependencies]
wcwidth = "*"

[[package]]
name = "pycparser"
version = "2.20"
description = "C parser in Python"
category = "main"
optional = false
python-versions = ">=2.7, !=3.0.*, !=3.1.*, !=3.2.*, !=3.3.*"

[[package]]
name = "pycryptodome"
version = "3.10.1"
description = "Cryptographic library for Python"
category = "main"
optional = false
python-versions = ">=2.7, !=3.0.*, !=3.1.*, !=3.2.*, !=3.3.*, !=3.4.*"

[[package]]
name = "pygments"
version = "2.10.0"
description = "Pygments is a syntax highlighting package written in Python."
category = "main"
optional = false
python-versions = ">=3.5"

[[package]]
name = "sqlalchemy"
version = "1.4.23"
description = "Database Abstraction Library"
category = "main"
optional = false
python-versions = "!=3.0.*,!=3.1.*,!=3.2.*,!=3.3.*,!=3.4.*,!=3.5.*,>=2.7"

[package.dependencies]
greenlet = {version = "!=0.4.17", markers = "python_version >= \"3\" and platform_machine in \"x86_64 X86_64 aarch64 AARCH64 ppc64le PPC64LE amd64 AMD64 win32 WIN32\""}

[package.extras]
aiomysql = ["greenlet (!=0.4.17)", "aiomysql"]
aiosqlite = ["greenlet (!=0.4.17)", "aiosqlite"]
asyncio = ["greenlet (!=0.4.17)"]
mariadb_connector = ["mariadb (>=1.0.1)"]
mssql = ["pyodbc"]
mssql_pymssql = ["pymssql"]
mssql_pyodbc = ["pyodbc"]
mypy = ["sqlalchemy2-stubs", "mypy (>=0.910)"]
mysql = ["mysqlclient (>=1.4.0,<2)", "mysqlclient (>=1.4.0)"]
mysql_connector = ["mysqlconnector"]
oracle = ["cx_oracle (>=7,<8)", "cx_oracle (>=7)"]
postgresql = ["psycopg2 (>=2.7)"]
postgresql_asyncpg = ["greenlet (!=0.4.17)", "asyncpg"]
postgresql_pg8000 = ["pg8000 (>=1.16.6)"]
postgresql_psycopg2binary = ["psycopg2-binary"]
postgresql_psycopg2cffi = ["psycopg2cffi"]
pymysql = ["pymysql (<1)", "pymysql"]
sqlcipher = ["sqlcipher3-binary"]

[[package]]
name = "wcwidth"
version = "0.2.5"
description = "Measures the displayed width of unicode strings in a terminal"
category = "main"
optional = false
python-versions = "*"

[[package]]
name = "yapf"
version = "0.31.0"
description = "A formatter for Python code."
category = "dev"
optional = false
python-versions = "*"

[metadata]
lock-version = "1.1"
python-versions = "^3.9"
content-hash = "86d0bceac07977b5a406e8e4a1d5d83ec7af4cf6567e664238d150189ccee2a8"

[metadata.files]
argon2-cffi = [
    {file = "argon2-cffi-21.1.0.tar.gz", hash = "sha256:f710b61103d1a1f692ca3ecbd1373e28aa5e545ac625ba067ff2feca1b2bb870"},
    {file = "argon2_cffi-21.1.0-cp35-abi3-macosx_10_14_x86_64.whl", hash = "sha256:217b4f0f853ccbbb5045242946ad2e162e396064575860141b71a85eb47e475a"},
    {file = "argon2_cffi-21.1.0-cp35-abi3-manylinux_2_5_x86_64.manylinux1_x86_64.whl", hash = "sha256:fa7e7d1fc22514a32b1761fdfa1882b6baa5c36bb3ef557bdd69e6fc9ba14a41"},
    {file = "argon2_cffi-21.1.0-cp35-abi3-win32.whl", hash = "sha256:e4d8f0ae1524b7b0372a3e574a2561cbdddb3fdb6c28b70a72868189bda19659"},
    {file = "argon2_cffi-21.1.0-cp35-abi3-win_amd64.whl", hash = "sha256:65213a9174320a1aee03fe826596e0620783966b49eb636955958b3074e87ff9"},
    {file = "argon2_cffi-21.1.0-pp36-pypy36_pp73-macosx_10_7_x86_64.whl", hash = "sha256:245f64a203012b144b7b8c8ea6d468cb02b37caa5afee5ba4a10c80599334f6a"},
    {file = "argon2_cffi-21.1.0-pp36-pypy36_pp73-manylinux_2_5_x86_64.manylinux1_x86_64.manylinux_2_12_x86_64.manylinux2010_x86_64.whl", hash = "sha256:4ad152c418f7eb640eac41ac815534e6aa61d1624530b8e7779114ecfbf327f8"},
    {file = "argon2_cffi-21.1.0-pp36-pypy36_pp73-win32.whl", hash = "sha256:bc513db2283c385ea4da31a2cd039c33380701f376f4edd12fe56db118a3b21a"},
    {file = "argon2_cffi-21.1.0-pp37-pypy37_pp73-macosx_10_7_x86_64.whl", hash = "sha256:c7a7c8cc98ac418002090e4add5bebfff1b915ea1cb459c578cd8206fef10378"},
    {file = "argon2_cffi-21.1.0-pp37-pypy37_pp73-manylinux_2_5_x86_64.manylinux1_x86_64.manylinux_2_12_x86_64.manylinux2010_x86_64.whl", hash = "sha256:165cadae5ac1e26644f5ade3bd9c18d89963be51d9ea8817bd671006d7909057"},
    {file = "argon2_cffi-21.1.0-pp37-pypy37_pp73-win_amd64.whl", hash = "sha256:566ffb581bbd9db5562327aee71b2eda24a1c15b23a356740abe3c011bbe0dcb"},
]
cffi = [
    {file = "cffi-1.14.6-cp27-cp27m-macosx_10_9_x86_64.whl", hash = "sha256:22b9c3c320171c108e903d61a3723b51e37aaa8c81255b5e7ce102775bd01e2c"},
    {file = "cffi-1.14.6-cp27-cp27m-manylinux1_i686.whl", hash = "sha256:f0c5d1acbfca6ebdd6b1e3eded8d261affb6ddcf2186205518f1428b8569bb99"},
    {file = "cffi-1.14.6-cp27-cp27m-manylinux1_x86_64.whl", hash = "sha256:99f27fefe34c37ba9875f224a8f36e31d744d8083e00f520f133cab79ad5e819"},
    {file = "cffi-1.14.6-cp27-cp27m-win32.whl", hash = "sha256:55af55e32ae468e9946f741a5d51f9896da6b9bf0bbdd326843fec05c730eb20"},
    {file = "cffi-1.14.6-cp27-cp27m-win_amd64.whl", hash = "sha256:7bcac9a2b4fdbed2c16fa5681356d7121ecabf041f18d97ed5b8e0dd38a80224"},
    {file = "cffi-1.14.6-cp27-cp27mu-manylinux1_i686.whl", hash = "sha256:ed38b924ce794e505647f7c331b22a693bee1538fdf46b0222c4717b42f744e7"},
    {file = "cffi-1.14.6-cp27-cp27mu-manylinux1_x86_64.whl", hash = "sha256:e22dcb48709fc51a7b58a927391b23ab37eb3737a98ac4338e2448bef8559b33"},
    {file = "cffi-1.14.6-cp35-cp35m-macosx_10_9_x86_64.whl", hash = "sha256:aedb15f0a5a5949ecb129a82b72b19df97bbbca024081ed2ef88bd5c0a610534"},
    {file = "cffi-1.14.6-cp35-cp35m-manylinux1_i686.whl", hash = "sha256:48916e459c54c4a70e52745639f1db524542140433599e13911b2f329834276a"},
    {file = "cffi-1.14.6-cp35-cp35m-manylinux1_x86_64.whl", hash = "sha256:f627688813d0a4140153ff532537fbe4afea5a3dffce1f9deb7f91f848a832b5"},
    {file = "cffi-1.14.6-cp35-cp35m-win32.whl", hash = "sha256:f0010c6f9d1a4011e429109fda55a225921e3206e7f62a0c22a35344bfd13cca"},
    {file = "cffi-1.14.6-cp35-cp35m-win_amd64.whl", hash = "sha256:57e555a9feb4a8460415f1aac331a2dc833b1115284f7ded7278b54afc5bd218"},
    {file = "cffi-1.14.6-cp36-cp36m-macosx_10_9_x86_64.whl", hash = "sha256:e8c6a99be100371dbb046880e7a282152aa5d6127ae01783e37662ef73850d8f"},
    {file = "cffi-1.14.6-cp36-cp36m-manylinux1_i686.whl", hash = "sha256:19ca0dbdeda3b2615421d54bef8985f72af6e0c47082a8d26122adac81a95872"},
    {file = "cffi-1.14.6-cp36-cp36m-manylinux1_x86_64.whl", hash = "sha256:d950695ae4381ecd856bcaf2b1e866720e4ab9a1498cba61c602e56630ca7195"},
    {file = "cffi-1.14.6-cp36-cp36m-manylinux_2_17_aarch64.manylinux2014_aarch64.whl", hash = "sha256:e9dc245e3ac69c92ee4c167fbdd7428ec1956d4e754223124991ef29eb57a09d"},
    {file = "cffi-1.14.6-cp36-cp36m-manylinux_2_17_ppc64le.manylinux2014_ppc64le.whl", hash = "sha256:a8661b2ce9694ca01c529bfa204dbb144b275a31685a075ce123f12331be790b"},
    {file = "cffi-1.14.6-cp36-cp36m-manylinux_2_17_s390x.manylinux2014_s390x.whl", hash = "sha256:b315d709717a99f4b27b59b021e6207c64620790ca3e0bde636a6c7f14618abb"},
    {file = "cffi-1.14.6-cp36-cp36m-win32.whl", hash = "sha256:80b06212075346b5546b0417b9f2bf467fea3bfe7352f781ffc05a8ab24ba14a"},
    {file = "cffi-1.14.6-cp36-cp36m-win_amd64.whl", hash = "sha256:a9da7010cec5a12193d1af9872a00888f396aba3dc79186604a09ea3ee7c029e"},
    {file = "cffi-1.14.6-cp37-cp37m-macosx_10_9_x86_64.whl", hash = "sha256:4373612d59c404baeb7cbd788a18b2b2a8331abcc84c3ba40051fcd18b17a4d5"},
    {file = "cffi-1.14.6-cp37-cp37m-manylinux1_i686.whl", hash = "sha256:f10afb1004f102c7868ebfe91c28f4a712227fe4cb24974350ace1f90e1febbf"},
    {file = "cffi-1.14.6-cp37-cp37m-manylinux1_x86_64.whl", hash = "sha256:fd4305f86f53dfd8cd3522269ed7fc34856a8ee3709a5e28b2836b2db9d4cd69"},
    {file = "cffi-1.14.6-cp37-cp37m-manylinux_2_17_aarch64.manylinux2014_aarch64.whl", hash = "sha256:6d6169cb3c6c2ad50db5b868db6491a790300ade1ed5d1da29289d73bbe40b56"},
    {file = "cffi-1.14.6-cp37-cp37m-manylinux_2_17_ppc64le.manylinux2014_ppc64le.whl", hash = "sha256:5d4b68e216fc65e9fe4f524c177b54964af043dde734807586cf5435af84045c"},
    {file = "cffi-1.14.6-cp37-cp37m-manylinux_2_17_s390x.manylinux2014_s390x.whl", hash = "sha256:33791e8a2dc2953f28b8d8d300dde42dd929ac28f974c4b4c6272cb2955cb762"},
    {file = "cffi-1.14.6-cp37-cp37m-win32.whl", hash = "sha256:0c0591bee64e438883b0c92a7bed78f6290d40bf02e54c5bf0978eaf36061771"},
    {file = "cffi-1.14.6-cp37-cp37m-win_amd64.whl", hash = "sha256:8eb687582ed7cd8c4bdbff3df6c0da443eb89c3c72e6e5dcdd9c81729712791a"},
    {file = "cffi-1.14.6-cp38-cp38-macosx_10_9_x86_64.whl", hash = "sha256:ba6f2b3f452e150945d58f4badd92310449876c4c954836cfb1803bdd7b422f0"},
    {file = "cffi-1.14.6-cp38-cp38-manylinux1_i686.whl", hash = "sha256:64fda793737bc4037521d4899be780534b9aea552eb673b9833b01f945904c2e"},
    {file = "cffi-1.14.6-cp38-cp38-manylinux1_x86_64.whl", hash = "sha256:9f3e33c28cd39d1b655ed1ba7247133b6f7fc16fa16887b120c0c670e35ce346"},
    {file = "cffi-1.14.6-cp38-cp38-manylinux_2_17_aarch64.manylinux2014_aarch64.whl", hash = "sha256:26bb2549b72708c833f5abe62b756176022a7b9a7f689b571e74c8478ead51dc"},
    {file = "cffi-1.14.6-cp38-cp38-manylinux_2_17_ppc64le.manylinux2014_ppc64le.whl", hash = "sha256:eb687a11f0a7a1839719edd80f41e459cc5366857ecbed383ff376c4e3cc6afd"},
    {file = "cffi-1.14.6-cp38-cp38-manylinux_2_17_s390x.manylinux2014_s390x.whl", hash = "sha256:d2ad4d668a5c0645d281dcd17aff2be3212bc109b33814bbb15c4939f44181cc"},
    {file = "cffi-1.14.6-cp38-cp38-win32.whl", hash = "sha256:487d63e1454627c8e47dd230025780e91869cfba4c753a74fda196a1f6ad6548"},
    {file = "cffi-1.14.6-cp38-cp38-win_amd64.whl", hash = "sha256:c33d18eb6e6bc36f09d793c0dc58b0211fccc6ae5149b808da4a62660678b156"},
    {file = "cffi-1.14.6-cp39-cp39-macosx_10_9_x86_64.whl", hash = "sha256:06c54a68935738d206570b20da5ef2b6b6d92b38ef3ec45c5422c0ebaf338d4d"},
    {file = "cffi-1.14.6-cp39-cp39-manylinux1_i686.whl", hash = "sha256:f174135f5609428cc6e1b9090f9268f5c8935fddb1b25ccb8255a2d50de6789e"},
    {file = "cffi-1.14.6-cp39-cp39-manylinux1_x86_64.whl", hash = "sha256:f3ebe6e73c319340830a9b2825d32eb6d8475c1dac020b4f0aa774ee3b898d1c"},
    {file = "cffi-1.14.6-cp39-cp39-manylinux_2_17_aarch64.manylinux2014_aarch64.whl", hash = "sha256:3c8d896becff2fa653dc4438b54a5a25a971d1f4110b32bd3068db3722c80202"},
    {file = "cffi-1.14.6-cp39-cp39-manylinux_2_17_ppc64le.manylinux2014_ppc64le.whl", hash = "sha256:4922cd707b25e623b902c86188aca466d3620892db76c0bdd7b99a3d5e61d35f"},
    {file = "cffi-1.14.6-cp39-cp39-manylinux_2_17_s390x.manylinux2014_s390x.whl", hash = "sha256:c9e005e9bd57bc987764c32a1bee4364c44fdc11a3cc20a40b93b444984f2b87"},
    {file = "cffi-1.14.6-cp39-cp39-win32.whl", hash = "sha256:eb9e2a346c5238a30a746893f23a9535e700f8192a68c07c0258e7ece6ff3728"},
    {file = "cffi-1.14.6-cp39-cp39-win_amd64.whl", hash = "sha256:818014c754cd3dba7229c0f5884396264d51ffb87ec86e927ef0be140bfdb0d2"},
    {file = "cffi-1.14.6.tar.gz", hash = "sha256:c9a875ce9d7fe32887784274dd533c57909b7b1dcadcc128a2ac21331a9765dd"},
]
greenlet = [
    {file = "greenlet-1.1.1-cp27-cp27m-macosx_10_14_x86_64.whl", hash = "sha256:476ba9435afaead4382fbab8f1882f75e3fb2285c35c9285abb3dd30237f9142"},
    {file = "greenlet-1.1.1-cp27-cp27m-manylinux1_x86_64.whl", hash = "sha256:44556302c0ab376e37939fd0058e1f0db2e769580d340fb03b01678d1ff25f68"},
    {file = "greenlet-1.1.1-cp27-cp27m-manylinux2010_x86_64.whl", hash = "sha256:40abb7fec4f6294225d2b5464bb6d9552050ded14a7516588d6f010e7e366dcc"},
    {file = "greenlet-1.1.1-cp27-cp27m-win32.whl", hash = "sha256:a11b6199a0b9dc868990456a2667167d0ba096c5224f6258e452bfbe5a9742c5"},
    {file = "greenlet-1.1.1-cp27-cp27m-win_amd64.whl", hash = "sha256:e22a82d2b416d9227a500c6860cf13e74060cf10e7daf6695cbf4e6a94e0eee4"},
    {file = "greenlet-1.1.1-cp27-cp27mu-manylinux1_x86_64.whl", hash = "sha256:bad269e442f1b7ffa3fa8820b3c3aa66f02a9f9455b5ba2db5a6f9eea96f56de"},
    {file = "greenlet-1.1.1-cp27-cp27mu-manylinux2010_x86_64.whl", hash = "sha256:8ddb38fb6ad96c2ef7468ff73ba5c6876b63b664eebb2c919c224261ae5e8378"},
    {file = "greenlet-1.1.1-cp310-cp310-macosx_10_14_x86_64.whl", hash = "sha256:84782c80a433d87530ae3f4b9ed58d4a57317d9918dfcc6a59115fa2d8731f2c"},
    {file = "greenlet-1.1.1-cp310-cp310-manylinux_2_17_aarch64.manylinux2014_aarch64.whl", hash = "sha256:ac991947ca6533ada4ce7095f0e28fe25d5b2f3266ad5b983ed4201e61596acf"},
    {file = "greenlet-1.1.1-cp310-cp310-manylinux_2_17_ppc64le.manylinux2014_ppc64le.whl", hash = "sha256:5317701c7ce167205c0569c10abc4bd01c7f4cf93f642c39f2ce975fa9b78a3c"},
    {file = "greenlet-1.1.1-cp310-cp310-manylinux_2_17_x86_64.manylinux2014_x86_64.whl", hash = "sha256:4870b018ca685ff573edd56b93f00a122f279640732bb52ce3a62b73ee5c4a92"},
    {file = "greenlet-1.1.1-cp310-cp310-win_amd64.whl", hash = "sha256:990e0f5e64bcbc6bdbd03774ecb72496224d13b664aa03afd1f9b171a3269272"},
    {file = "greenlet-1.1.1-cp35-cp35m-macosx_10_14_x86_64.whl", hash = "sha256:a414f8e14aa7bacfe1578f17c11d977e637d25383b6210587c29210af995ef04"},
    {file = "greenlet-1.1.1-cp35-cp35m-manylinux1_x86_64.whl", hash = "sha256:e02780da03f84a671bb4205c5968c120f18df081236d7b5462b380fd4f0b497b"},
    {file = "greenlet-1.1.1-cp35-cp35m-manylinux2010_x86_64.whl", hash = "sha256:dfcb5a4056e161307d103bc013478892cfd919f1262c2bb8703220adcb986362"},
    {file = "greenlet-1.1.1-cp35-cp35m-win32.whl", hash = "sha256:655ab836324a473d4cd8cf231a2d6f283ed71ed77037679da554e38e606a7117"},
    {file = "greenlet-1.1.1-cp35-cp35m-win_amd64.whl", hash = "sha256:6ce9d0784c3c79f3e5c5c9c9517bbb6c7e8aa12372a5ea95197b8a99402aa0e6"},
    {file = "greenlet-1.1.1-cp36-cp36m-macosx_10_14_x86_64.whl", hash = "sha256:3fc6a447735749d651d8919da49aab03c434a300e9f0af1c886d560405840fd1"},
    {file = "greenlet-1.1.1-cp36-cp36m-manylinux1_x86_64.whl", hash = "sha256:8039f5fe8030c43cd1732d9a234fdcbf4916fcc32e21745ca62e75023e4d4649"},
    {file = "greenlet-1.1.1-cp36-cp36m-manylinux2010_x86_64.whl", hash = "sha256:fddfb31aa2ac550b938d952bca8a87f1db0f8dc930ffa14ce05b5c08d27e7fd1"},
    {file = "greenlet-1.1.1-cp36-cp36m-manylinux_2_17_aarch64.manylinux2014_aarch64.whl", hash = "sha256:b97a807437b81f90f85022a9dcfd527deea38368a3979ccb49d93c9198b2c722"},
    {file = "greenlet-1.1.1-cp36-cp36m-manylinux_2_17_ppc64le.manylinux2014_ppc64le.whl", hash = "sha256:cf31e894dabb077a35bbe6963285d4515a387ff657bd25b0530c7168e48f167f"},
    {file = "greenlet-1.1.1-cp36-cp36m-manylinux_2_17_x86_64.manylinux2014_x86_64.whl", hash = "sha256:4eae94de9924bbb4d24960185363e614b1b62ff797c23dc3c8a7c75bbb8d187e"},
    {file = "greenlet-1.1.1-cp36-cp36m-win32.whl", hash = "sha256:c1862f9f1031b1dee3ff00f1027fcd098ffc82120f43041fe67804b464bbd8a7"},
    {file = "greenlet-1.1.1-cp36-cp36m-win_amd64.whl", hash = "sha256:9b02e6039eafd75e029d8c58b7b1f3e450ca563ef1fe21c7e3e40b9936c8d03e"},
    {file = "greenlet-1.1.1-cp37-cp37m-macosx_10_14_x86_64.whl", hash = "sha256:84488516639c3c5e5c0e52f311fff94ebc45b56788c2a3bfe9cf8e75670f4de3"},
    {file = "greenlet-1.1.1-cp37-cp37m-manylinux1_x86_64.whl", hash = "sha256:3f8fc59bc5d64fa41f58b0029794f474223693fd00016b29f4e176b3ee2cfd9f"},
    {file = "greenlet-1.1.1-cp37-cp37m-manylinux2010_x86_64.whl", hash = "sha256:3e594015a2349ec6dcceda9aca29da8dc89e85b56825b7d1f138a3f6bb79dd4c"},
    {file = "greenlet-1.1.1-cp37-cp37m-manylinux_2_17_aarch64.manylinux2014_aarch64.whl", hash = "sha256:e41f72f225192d5d4df81dad2974a8943b0f2d664a2a5cfccdf5a01506f5523c"},
    {file = "greenlet-1.1.1-cp37-cp37m-manylinux_2_17_ppc64le.manylinux2014_ppc64le.whl", hash = "sha256:75ff270fd05125dce3303e9216ccddc541a9e072d4fc764a9276d44dee87242b"},
    {file = "greenlet-1.1.1-cp37-cp37m-manylinux_2_17_x86_64.manylinux2014_x86_64.whl", hash = "sha256:5cde7ee190196cbdc078511f4df0be367af85636b84d8be32230f4871b960687"},
    {file = "greenlet-1.1.1-cp37-cp37m-win32.whl", hash = "sha256:f253dad38605486a4590f9368ecbace95865fea0f2b66615d121ac91fd1a1563"},
    {file = "greenlet-1.1.1-cp37-cp37m-win_amd64.whl", hash = "sha256:a91ee268f059583176c2c8b012a9fce7e49ca6b333a12bbc2dd01fc1a9783885"},
    {file = "greenlet-1.1.1-cp38-cp38-macosx_10_14_x86_64.whl", hash = "sha256:34e6675167a238bede724ee60fe0550709e95adaff6a36bcc97006c365290384"},
    {file = "greenlet-1.1.1-cp38-cp38-manylinux1_x86_64.whl", hash = "sha256:bf3725d79b1ceb19e83fb1aed44095518c0fcff88fba06a76c0891cfd1f36837"},
    {file = "greenlet-1.1.1-cp38-cp38-manylinux2010_x86_64.whl", hash = "sha256:5c3b735ccf8fc8048664ee415f8af5a3a018cc92010a0d7195395059b4b39b7d"},
    {file = "greenlet-1.1.1-cp38-cp38-manylinux_2_17_aarch64.manylinux2014_aarch64.whl", hash = "sha256:e2002a59453858c7f3404690ae80f10c924a39f45f6095f18a985a1234c37334"},
    {file = "greenlet-1.1.1-cp38-cp38-manylinux_2_17_ppc64le.manylinux2014_ppc64le.whl", hash = "sha256:04e1849c88aa56584d4a0a6e36af5ec7cc37993fdc1fda72b56aa1394a92ded3"},
    {file = "greenlet-1.1.1-cp38-cp38-manylinux_2_17_x86_64.manylinux2014_x86_64.whl", hash = "sha256:c8d4ed48eed7414ccb2aaaecbc733ed2a84c299714eae3f0f48db085342d5629"},
    {file = "greenlet-1.1.1-cp38-cp38-win32.whl", hash = "sha256:2f89d74b4f423e756a018832cd7a0a571e0a31b9ca59323b77ce5f15a437629b"},
    {file = "greenlet-1.1.1-cp38-cp38-win_amd64.whl", hash = "sha256:d15cb6f8706678dc47fb4e4f8b339937b04eda48a0af1cca95f180db552e7663"},
    {file = "greenlet-1.1.1-cp39-cp39-macosx_10_14_x86_64.whl", hash = "sha256:b050dbb96216db273b56f0e5960959c2b4cb679fe1e58a0c3906fa0a60c00662"},
    {file = "greenlet-1.1.1-cp39-cp39-manylinux1_x86_64.whl", hash = "sha256:6e0696525500bc8aa12eae654095d2260db4dc95d5c35af2b486eae1bf914ccd"},
    {file = "greenlet-1.1.1-cp39-cp39-manylinux2010_x86_64.whl", hash = "sha256:07e6d88242e09b399682b39f8dfa1e7e6eca66b305de1ff74ed9eb1a7d8e539c"},
    {file = "greenlet-1.1.1-cp39-cp39-manylinux_2_17_aarch64.manylinux2014_aarch64.whl", hash = "sha256:98b491976ed656be9445b79bc57ed21decf08a01aaaf5fdabf07c98c108111f6"},
    {file = "greenlet-1.1.1-cp39-cp39-manylinux_2_17_ppc64le.manylinux2014_ppc64le.whl", hash = "sha256:05e72db813c28906cdc59bd0da7c325d9b82aa0b0543014059c34c8c4ad20e16"},
    {file = "greenlet-1.1.1-cp39-cp39-manylinux_2_17_x86_64.manylinux2014_x86_64.whl", hash = "sha256:090126004c8ab9cd0787e2acf63d79e80ab41a18f57d6448225bbfcba475034f"},
    {file = "greenlet-1.1.1-cp39-cp39-win32.whl", hash = "sha256:1796f2c283faab2b71c67e9b9aefb3f201fdfbee5cb55001f5ffce9125f63a45"},
    {file = "greenlet-1.1.1-cp39-cp39-win_amd64.whl", hash = "sha256:4adaf53ace289ced90797d92d767d37e7cdc29f13bd3830c3f0a561277a4ae83"},
    {file = "greenlet-1.1.1.tar.gz", hash = "sha256:c0f22774cd8294078bdf7392ac73cf00bfa1e5e0ed644bd064fdabc5f2a2f481"},
]
prompt-toolkit = [
    {file = "prompt_toolkit-3.0.20-py3-none-any.whl", hash = "sha256:6076e46efae19b1e0ca1ec003ed37a933dc94b4d20f486235d436e64771dcd5c"},
    {file = "prompt_toolkit-3.0.20.tar.gz", hash = "sha256:eb71d5a6b72ce6db177af4a7d4d7085b99756bf656d98ffcc4fecd36850eea6c"},
]
pycparser = [
    {file = "pycparser-2.20-py2.py3-none-any.whl", hash = "sha256:7582ad22678f0fcd81102833f60ef8d0e57288b6b5fb00323d101be910e35705"},
    {file = "pycparser-2.20.tar.gz", hash = "sha256:2d475327684562c3a96cc71adf7dc8c4f0565175cf86b6d7a404ff4c771f15f0"},
]
pycryptodome = [
    {file = "pycryptodome-3.10.1-cp27-cp27m-macosx_10_9_x86_64.whl", hash = "sha256:1c5e1ca507de2ad93474be5cfe2bfa76b7cf039a1a32fc196f40935944871a06"},
    {file = "pycryptodome-3.10.1-cp27-cp27m-manylinux1_i686.whl", hash = "sha256:6260e24d41149268122dd39d4ebd5941e9d107f49463f7e071fd397e29923b0c"},
    {file = "pycryptodome-3.10.1-cp27-cp27m-manylinux1_x86_64.whl", hash = "sha256:3f840c49d38986f6e17dbc0673d37947c88bc9d2d9dba1c01b979b36f8447db1"},
    {file = "pycryptodome-3.10.1-cp27-cp27m-manylinux2010_i686.whl", hash = "sha256:2dea65df54349cdfa43d6b2e8edb83f5f8d6861e5cf7b1fbc3e34c5694c85e27"},
    {file = "pycryptodome-3.10.1-cp27-cp27m-manylinux2010_x86_64.whl", hash = "sha256:e61e363d9a5d7916f3a4ce984a929514c0df3daf3b1b2eb5e6edbb131ee771cf"},
    {file = "pycryptodome-3.10.1-cp27-cp27m-manylinux2014_aarch64.whl", hash = "sha256:2603c98ae04aac675fefcf71a6c87dc4bb74a75e9071ae3923bbc91a59f08d35"},
    {file = "pycryptodome-3.10.1-cp27-cp27m-win32.whl", hash = "sha256:38661348ecb71476037f1e1f553159b80d256c00f6c0b00502acac891f7116d9"},
    {file = "pycryptodome-3.10.1-cp27-cp27m-win_amd64.whl", hash = "sha256:1723ebee5561628ce96748501cdaa7afaa67329d753933296321f0be55358dce"},
    {file = "pycryptodome-3.10.1-cp27-cp27mu-manylinux1_i686.whl", hash = "sha256:77997519d8eb8a4adcd9a47b9cec18f9b323e296986528186c0e9a7a15d6a07e"},
    {file = "pycryptodome-3.10.1-cp27-cp27mu-manylinux1_x86_64.whl", hash = "sha256:99b2f3fc51d308286071d0953f92055504a6ffe829a832a9fc7a04318a7683dd"},
    {file = "pycryptodome-3.10.1-cp27-cp27mu-manylinux2010_i686.whl", hash = "sha256:e0a4d5933a88a2c98bbe19c0c722f5483dc628d7a38338ac2cb64a7dbd34064b"},
    {file = "pycryptodome-3.10.1-cp27-cp27mu-manylinux2010_x86_64.whl", hash = "sha256:d3d6958d53ad307df5e8469cc44474a75393a434addf20ecd451f38a72fe29b8"},
    {file = "pycryptodome-3.10.1-cp27-cp27mu-manylinux2014_aarch64.whl", hash = "sha256:a8eb8b6ea09ec1c2535bf39914377bc8abcab2c7d30fa9225eb4fe412024e427"},
    {file = "pycryptodome-3.10.1-cp35-abi3-macosx_10_9_x86_64.whl", hash = "sha256:31c1df17b3dc5f39600a4057d7db53ac372f492c955b9b75dd439f5d8b460129"},
    {file = "pycryptodome-3.10.1-cp35-abi3-manylinux1_i686.whl", hash = "sha256:a3105a0eb63eacf98c2ecb0eb4aa03f77f40fbac2bdde22020bb8a536b226bb8"},
    {file = "pycryptodome-3.10.1-cp35-abi3-manylinux1_x86_64.whl", hash = "sha256:a92d5c414e8ee1249e850789052608f582416e82422502dc0ac8c577808a9067"},
    {file = "pycryptodome-3.10.1-cp35-abi3-manylinux2010_i686.whl", hash = "sha256:60386d1d4cfaad299803b45a5bc2089696eaf6cdd56f9fc17479a6f89595cfc8"},
    {file = "pycryptodome-3.10.1-cp35-abi3-manylinux2010_x86_64.whl", hash = "sha256:501ab36aae360e31d0ec370cf5ce8ace6cb4112060d099b993bc02b36ac83fb6"},
    {file = "pycryptodome-3.10.1-cp35-abi3-manylinux2014_aarch64.whl", hash = "sha256:fc7489a50323a0df02378bc2fff86eb69d94cc5639914346c736be981c6a02e7"},
    {file = "pycryptodome-3.10.1-cp35-abi3-win32.whl", hash = "sha256:9b6f711b25e01931f1c61ce0115245a23cdc8b80bf8539ac0363bdcf27d649b6"},
    {file = "pycryptodome-3.10.1-cp35-abi3-win_amd64.whl", hash = "sha256:7fd519b89585abf57bf47d90166903ec7b43af4fe23c92273ea09e6336af5c07"},
    {file = "pycryptodome-3.10.1-pp27-pypy_73-macosx_10_9_x86_64.whl", hash = "sha256:09c1555a3fa450e7eaca41ea11cd00afe7c91fef52353488e65663777d8524e0"},
    {file = "pycryptodome-3.10.1-pp27-pypy_73-manylinux1_x86_64.whl", hash = "sha256:758949ca62690b1540dfb24ad773c6da9cd0e425189e83e39c038bbd52b8e438"},
    {file = "pycryptodome-3.10.1-pp27-pypy_73-manylinux2010_x86_64.whl", hash = "sha256:e3bf558c6aeb49afa9f0c06cee7fb5947ee5a1ff3bd794b653d39926b49077fa"},
    {file = "pycryptodome-3.10.1-pp27-pypy_73-win32.whl", hash = "sha256:f977cdf725b20f6b8229b0c87acb98c7717e742ef9f46b113985303ae12a99da"},
    {file = "pycryptodome-3.10.1-pp36-pypy36_pp73-macosx_10_9_x86_64.whl", hash = "sha256:6d2df5223b12437e644ce0a3be7809471ffa71de44ccd28b02180401982594a6"},
    {file = "pycryptodome-3.10.1-pp36-pypy36_pp73-manylinux1_x86_64.whl", hash = "sha256:98213ac2b18dc1969a47bc65a79a8fca02a414249d0c8635abb081c7f38c91b6"},
    {file = "pycryptodome-3.10.1-pp36-pypy36_pp73-manylinux2010_x86_64.whl", hash = "sha256:12222a5edc9ca4a29de15fbd5339099c4c26c56e13c2ceddf0b920794f26165d"},
    {file = "pycryptodome-3.10.1-pp36-pypy36_pp73-win32.whl", hash = "sha256:6bbf7fee7b7948b29d7e71fcacf48bac0c57fb41332007061a933f2d996f9713"},
    {file = "pycryptodome-3.10.1.tar.gz", hash = "sha256:3e2e3a06580c5f190df843cdb90ea28d61099cf4924334d5297a995de68e4673"},
]
pygments = [
    {file = "Pygments-2.10.0-py3-none-any.whl", hash = "sha256:b8e67fe6af78f492b3c4b3e2970c0624cbf08beb1e493b2c99b9fa1b67a20380"},
    {file = "Pygments-2.10.0.tar.gz", hash = "sha256:f398865f7eb6874156579fdf36bc840a03cab64d1cde9e93d68f46a425ec52c6"},
]
sqlalchemy = [
    {file = "SQLAlchemy-1.4.23-cp27-cp27m-macosx_10_14_x86_64.whl", hash = "sha256:25e9b2e5ca088879ce3740d9ccd4d58cb9061d49566a0b5e12166f403d6f4da0"},
    {file = "SQLAlchemy-1.4.23-cp27-cp27m-manylinux_2_5_x86_64.manylinux1_x86_64.whl", hash = "sha256:d9667260125688c71ccf9af321c37e9fb71c2693575af8210f763bfbbee847c7"},
    {file = "SQLAlchemy-1.4.23-cp27-cp27m-win32.whl", hash = "sha256:cec1a4c6ddf5f82191301a25504f0e675eccd86635f0d5e4c69e0661691931c5"},
    {file = "SQLAlchemy-1.4.23-cp27-cp27m-win_amd64.whl", hash = "sha256:ae07895b55c7d58a7dd47438f437ac219c0f09d24c2e7d69fdebc1ea75350f00"},
    {file = "SQLAlchemy-1.4.23-cp27-cp27mu-manylinux_2_5_x86_64.manylinux1_x86_64.whl", hash = "sha256:967307ea52985985224a79342527c36ec2d1daa257a39748dd90e001a4be4d90"},
    {file = "SQLAlchemy-1.4.23-cp36-cp36m-macosx_10_14_x86_64.whl", hash = "sha256:be185b3daf651c6c0639987a916bf41e97b60e68f860f27c9cb6574385f5cbb4"},
    {file = "SQLAlchemy-1.4.23-cp36-cp36m-manylinux_2_17_aarch64.manylinux2014_aarch64.whl", hash = "sha256:3a0d3b3d51c83a66f5b72c57e1aad061406e4c390bd42cf1fda94effe82fac81"},
    {file = "SQLAlchemy-1.4.23-cp36-cp36m-manylinux_2_5_x86_64.manylinux1_x86_64.manylinux_2_12_x86_64.manylinux2010_x86_64.whl", hash = "sha256:a8395c4db3e1450eef2b68069abf500cc48af4b442a0d98b5d3c9535fe40cde8"},
    {file = "SQLAlchemy-1.4.23-cp36-cp36m-manylinux_2_5_x86_64.manylinux1_x86_64.manylinux_2_17_x86_64.manylinux2014_x86_64.whl", hash = "sha256:9b128a78581faea7a5ee626ad4471353eee051e4e94616dfeff4742b6e5ba262"},
    {file = "SQLAlchemy-1.4.23-cp36-cp36m-win32.whl", hash = "sha256:43fc207be06e50158e4dae4cc4f27ce80afbdbfa7c490b3b22feb64f6d9775a0"},
    {file = "SQLAlchemy-1.4.23-cp36-cp36m-win_amd64.whl", hash = "sha256:e9d4f4552aa5e0d1417fc64a2ce1cdf56a30bab346ba6b0dd5e838eb56db4d29"},
    {file = "SQLAlchemy-1.4.23-cp37-cp37m-macosx_10_14_x86_64.whl", hash = "sha256:512f52a8872e8d63d898e4e158eda17e2ee40b8d2496b3b409422e71016db0bd"},
    {file = "SQLAlchemy-1.4.23-cp37-cp37m-manylinux_2_17_aarch64.manylinux2014_aarch64.whl", hash = "sha256:355024cf061ed04271900414eb4a22671520241d2216ddb691bdd8a992172389"},
    {file = "SQLAlchemy-1.4.23-cp37-cp37m-manylinux_2_5_x86_64.manylinux1_x86_64.manylinux_2_12_x86_64.manylinux2010_x86_64.whl", hash = "sha256:82c03325111eab88d64e0ff48b6fe15c75d23787429fa1d84c0995872e702787"},
    {file = "SQLAlchemy-1.4.23-cp37-cp37m-manylinux_2_5_x86_64.manylinux1_x86_64.manylinux_2_17_x86_64.manylinux2014_x86_64.whl", hash = "sha256:0aa312f9906ecebe133d7f44168c3cae4c76f27a25192fa7682f3fad505543c9"},
    {file = "SQLAlchemy-1.4.23-cp37-cp37m-win32.whl", hash = "sha256:059c5f41e8630f51741a234e6ba2a034228c11b3b54a15478e61d8b55fa8bd9d"},
    {file = "SQLAlchemy-1.4.23-cp37-cp37m-win_amd64.whl", hash = "sha256:cd68c5f9d13ffc8f4d6802cceee786678c5b1c668c97bc07b9f4a60883f36cd1"},
    {file = "SQLAlchemy-1.4.23-cp38-cp38-macosx_10_14_x86_64.whl", hash = "sha256:6a8dbf3d46e889d864a57ee880c4ad3a928db5aa95e3d359cbe0da2f122e50c4"},
    {file = "SQLAlchemy-1.4.23-cp38-cp38-manylinux_2_17_aarch64.manylinux2014_aarch64.whl", hash = "sha256:1c15191f2430a30082f540ec6f331214746fc974cfdf136d7a1471d1c61d68ff"},
    {file = "SQLAlchemy-1.4.23-cp38-cp38-manylinux_2_5_x86_64.manylinux1_x86_64.manylinux_2_12_x86_64.manylinux2010_x86_64.whl", hash = "sha256:cd0e85dd2067159848c7672acd517f0c38b7b98867a347411ea01b432003f8d9"},
    {file = "SQLAlchemy-1.4.23-cp38-cp38-manylinux_2_5_x86_64.manylinux1_x86_64.manylinux_2_17_x86_64.manylinux2014_x86_64.whl", hash = "sha256:370f4688ce47f0dc1e677a020a4d46252a31a2818fd67f5c256417faefc938af"},
    {file = "SQLAlchemy-1.4.23-cp38-cp38-win32.whl", hash = "sha256:bd41f8063a9cd11b76d6d7d6af8139ab3c087f5dbbe5a50c02cb8ece7da34d67"},
    {file = "SQLAlchemy-1.4.23-cp38-cp38-win_amd64.whl", hash = "sha256:2bca9a6e30ee425cc321d988a152a5fe1be519648e7541ac45c36cd4f569421f"},
    {file = "SQLAlchemy-1.4.23-cp39-cp39-macosx_10_14_x86_64.whl", hash = "sha256:4803a481d4c14ce6ad53dc35458c57821863e9a079695c27603d38355e61fb7f"},
    {file = "SQLAlchemy-1.4.23-cp39-cp39-manylinux_2_17_aarch64.manylinux2014_aarch64.whl", hash = "sha256:07b9099a95dd2b2620498544300eda590741ac54915c6b20809b6de7e3c58090"},
    {file = "SQLAlchemy-1.4.23-cp39-cp39-manylinux_2_5_x86_64.manylinux1_x86_64.manylinux_2_12_x86_64.manylinux2010_x86_64.whl", hash = "sha256:37f2bd1b8e32c5999280f846701712347fc0ee7370e016ede2283c71712e127a"},
    {file = "SQLAlchemy-1.4.23-cp39-cp39-manylinux_2_5_x86_64.manylinux1_x86_64.manylinux_2_17_x86_64.manylinux2014_x86_64.whl", hash = "sha256:448612570aa1437a5d1b94ada161805778fe80aba5b9a08a403e8ae4e071ded6"},
    {file = "SQLAlchemy-1.4.23-cp39-cp39-win32.whl", hash = "sha256:e0ce4a2e48fe0a9ea3a5160411a4c5135da5255ed9ac9c15f15f2bcf58c34194"},
    {file = "SQLAlchemy-1.4.23-cp39-cp39-win_amd64.whl", hash = "sha256:0aa746d1173587743960ff17b89b540e313aacfe6c1e9c81aa48393182c36d4f"},
    {file = "SQLAlchemy-1.4.23.tar.gz", hash = "sha256:76ff246881f528089bf19385131b966197bb494653990396d2ce138e2a447583"},
]
wcwidth = [
    {file = "wcwidth-0.2.5-py2.py3-none-any.whl", hash = "sha256:beb4802a9cebb9144e99086eff703a642a13d6a0052920003a230f3294bbe784"},
    {file = "wcwidth-0.2.5.tar.gz", hash = "sha256:c4d647b99872929fdb7bdcaa4fbe7f01413ed3d98077df798530e5b04f116c83"},
]
yapf = [
    {file = "yapf-0.31.0-py2.py3-none-any.whl", hash = "sha256:e3a234ba8455fe201eaa649cdac872d590089a18b661e39bbac7020978dd9c2e"},
    {file = "yapf-0.31.0.tar.gz", hash = "sha256:408fb9a2b254c302f49db83c59f9aa0b4b0fd0ec25be3a5c51181327922ff63d"},
]
